
Microsoft Visual Studio Solution File, Format Version 12.00
# Visual Studio Version 17
VisualStudioVersion = 17.11.35222.181
MinimumVisualStudioVersion = 10.0.40219.1
Project("{FAE04EC0-301F-11D3-BF4B-00C04F79EFBC}") = "TrackingProvider.Presentation", "TrackingProvider.Presentation\TrackingProvider.Presentation.csproj", "{4F19E5D1-CBBA-4D6D-B2B6-32DD853534F9}"
EndProject
Project("{FAE04EC0-301F-11D3-BF4B-00C04F79EFBC}") = "TrackingProvider.Domain", "TrackingProvider.Domain\TrackingProvider.Domain.csproj", "{B054F096-7047-4A88-8F3F-A522B8369E0F}"
EndProject
Project("{FAE04EC0-301F-11D3-BF4B-00C04F79EFBC}") = "TrackingProvider.Data", "TrackingProvider.Data\TrackingProvider.Data.csproj", "{C0F2D10C-249B-48E4-9BD2-4C853DEDB4C8}"
EndProject
Project("{FAE04EC0-301F-11D3-BF4B-00C04F79EFBC}") = "TrackingProvider.Business", "TrackingProvider.Business\TrackingProvider.Business.csproj", "{041AF299-CFDC-4752-BB00-18700FFB30BA}"
EndProject
Project("{FAE04EC0-301F-11D3-BF4B-00C04F79EFBC}") = "TrackingProvider.Tests", "TrackingProvider.Tests\TrackingProvider.Tests.csproj", "{9CA5AFC7-B173-4748-8124-0BE4E37FB650}"
EndProject
Global
	GlobalSection(SolutionConfigurationPlatforms) = preSolution
		Debug|Any CPU = Debug|Any CPU
		Release|Any CPU = Release|Any CPU
	EndGlobalSection
	GlobalSection(ProjectConfigurationPlatforms) = postSolution
		{4F19E5D1-CBBA-4D6D-B2B6-32DD853534F9}.Debug|Any CPU.ActiveCfg = Debug|Any CPU
		{4F19E5D1-CBBA-4D6D-B2B6-32DD853534F9}.Debug|Any CPU.Build.0 = Debug|Any CPU
		{4F19E5D1-CBBA-4D6D-B2B6-32DD853534F9}.Release|Any CPU.ActiveCfg = Release|Any CPU
		{4F19E5D1-CBBA-4D6D-B2B6-32DD853534F9}.Release|Any CPU.Build.0 = Release|Any CPU
		{B054F096-7047-4A88-8F3F-A522B8369E0F}.Debug|Any CPU.ActiveCfg = Debug|Any CPU
		{B054F096-7047-4A88-8F3F-A522B8369E0F}.Debug|Any CPU.Build.0 = Debug|Any CPU
		{B054F096-7047-4A88-8F3F-A522B8369E0F}.Release|Any CPU.ActiveCfg = Release|Any CPU
		{B054F096-7047-4A88-8F3F-A522B8369E0F}.Release|Any CPU.Build.0 = Release|Any CPU
		{C0F2D10C-249B-48E4-9BD2-4C853DEDB4C8}.Debug|Any CPU.ActiveCfg = Debug|Any CPU
		{C0F2D10C-249B-48E4-9BD2-4C853DEDB4C8}.Debug|Any CPU.Build.0 = Debug|Any CPU
		{C0F2D10C-249B-48E4-9BD2-4C853DEDB4C8}.Release|Any CPU.ActiveCfg = Release|Any CPU
		{C0F2D10C-249B-48E4-9BD2-4C853DEDB4C8}.Release|Any CPU.Build.0 = Release|Any CPU
		{041AF299-CFDC-4752-BB00-18700FFB30BA}.Debug|Any CPU.ActiveCfg = Debug|Any CPU
		{041AF299-CFDC-4752-BB00-18700FFB30BA}.Debug|Any CPU.Build.0 = Debug|Any CPU
		{041AF299-CFDC-4752-BB00-18700FFB30BA}.Release|Any CPU.ActiveCfg = Release|Any CPU
		{041AF299-CFDC-4752-BB00-18700FFB30BA}.Release|Any CPU.Build.0 = Release|Any CPU
		{9CA5AFC7-B173-4748-8124-0BE4E37FB650}.Debug|Any CPU.ActiveCfg = Debug|Any CPU
		{9CA5AFC7-B173-4748-8124-0BE4E37FB650}.Debug|Any CPU.Build.0 = Debug|Any CPU
		{9CA5AFC7-B173-4748-8124-0BE4E37FB650}.Release|Any CPU.ActiveCfg = Release|Any CPU
		{9CA5AFC7-B173-4748-8124-0BE4E37FB650}.Release|Any CPU.Build.0 = Release|Any CPU
	EndGlobalSection
	GlobalSection(SolutionProperties) = preSolution
		HideSolutionNode = FALSE
	EndGlobalSection
	GlobalSection(ExtensibilityGlobals) = postSolution
		SolutionGuid = {3D1BD4F0-A066-4161-8EA2-724F00F88345}
	EndGlobalSection
EndGlobal
